
Microsoft Visual Studio Solution File, Format Version 12.00
# Visual Studio 14
VisualStudioVersion = 14.0.25420.1
MinimumVisualStudioVersion = 10.0.40219.1
Project("{FAE04EC0-301F-11D3-BF4B-00C04F79EFBC}") = "EtherchainApi", "EtherchainApi\EtherchainApi.csproj", "{CF548D18-2C1F-481C-AD6B-DB38B2386953}"
EndProject
Project("{FAE04EC0-301F-11D3-BF4B-00C04F79EFBC}") = "EtherchainApi.Tests", "EtherchainApi.Tests\EtherchainApi.Tests.csproj", "{72C49214-9EEA-4BFF-B905-2511146E3AF5}"
EndProject
Global
	GlobalSection(SolutionConfigurationPlatforms) = preSolution
		Debug|Any CPU = Debug|Any CPU
		Release|Any CPU = Release|Any CPU
	EndGlobalSection
	GlobalSection(ProjectConfigurationPlatforms) = postSolution
		{CF548D18-2C1F-481C-AD6B-DB38B2386953}.Debug|Any CPU.ActiveCfg = Debug|Any CPU
		{CF548D18-2C1F-481C-AD6B-DB38B2386953}.Debug|Any CPU.Build.0 = Debug|Any CPU
		{CF548D18-2C1F-481C-AD6B-DB38B2386953}.Release|Any CPU.ActiveCfg = Release|Any CPU
		{CF548D18-2C1F-481C-AD6B-DB38B2386953}.Release|Any CPU.Build.0 = Release|Any CPU
		{72C49214-9EEA-4BFF-B905-2511146E3AF5}.Debug|Any CPU.ActiveCfg = Debug|Any CPU
		{72C49214-9EEA-4BFF-B905-2511146E3AF5}.Debug|Any CPU.Build.0 = Debug|Any CPU
		{72C49214-9EEA-4BFF-B905-2511146E3AF5}.Release|Any CPU.ActiveCfg = Release|Any CPU
		{72C49214-9EEA-4BFF-B905-2511146E3AF5}.Release|Any CPU.Build.0 = Release|Any CPU
	EndGlobalSection
	GlobalSection(SolutionProperties) = preSolution
		HideSolutionNode = FALSE
	EndGlobalSection
EndGlobal
